// !$*UTF8*$!
{
	archiveVersion = 1;
	classes = {
	};
	objectVersion = 46;
	objects = {

/* Begin PBXBuildFile section */
		2BF2996D1DD503F600C76DB5 /* main.m in Sources */ = {isa = PBXBuildFile; fileRef = 2BF2996C1DD503F600C76DB5 /* main.m */; };
		2BF299701DD503F600C76DB5 /* AppDelegate.m in Sources */ = {isa = PBXBuildFile; fileRef = 2BF2996F1DD503F600C76DB5 /* AppDelegate.m */; };
		2BF299731DD503F600C76DB5 /* ViewController.m in Sources */ = {isa = PBXBuildFile; fileRef = 2BF299721DD503F600C76DB5 /* ViewController.m */; };
		2BF299761DD503F600C76DB5 /* Main.storyboard in Resources */ = {isa = PBXBuildFile; fileRef = 2BF299741DD503F600C76DB5 /* Main.storyboard */; };
		2BF299781DD503F600C76DB5 /* Assets.xcassets in Resources */ = {isa = PBXBuildFile; fileRef = 2BF299771DD503F600C76DB5 /* Assets.xcassets */; };
		2BF2997B1DD503F600C76DB5 /* LaunchScreen.storyboard in Resources */ = {isa = PBXBuildFile; fileRef = 2BF299791DD503F600C76DB5 /* LaunchScreen.storyboard */; };
		2BF299861DD503F600C76DB5 /* GestureDemoTests.m in Sources */ = {isa = PBXBuildFile; fileRef = 2BF299851DD503F600C76DB5 /* GestureDemoTests.m */; };
		2BF299911DD503F600C76DB5 /* GestureDemoUITests.m in Sources */ = {isa = PBXBuildFile; fileRef = 2BF299901DD503F600C76DB5 /* GestureDemoUITests.m */; };
/* End PBXBuildFile section */

/* Begin PBXContainerItemProxy section */
		2BF299821DD503F600C76DB5 /* PBXContainerItemProxy */ = {
			isa = PBXContainerItemProxy;
			containerPortal = 2BF299601DD503F600C76DB5 /* Project object */;
			proxyType = 1;
			remoteGlobalIDString = 2BF299671DD503F600C76DB5;
			remoteInfo = GestureDemo;
		};
		2BF2998D1DD503F600C76DB5 /* PBXContainerItemProxy */ = {
			isa = PBXContainerItemProxy;
			containerPortal = 2BF299601DD503F600C76DB5 /* Project object */;
			proxyType = 1;
			remoteGlobalIDString = 2BF299671DD503F600C76DB5;
			remoteInfo = GestureDemo;
		};
/* End PBXContainerItemProxy section */

/* Begin PBXFileReference section */
		2BF299681DD503F600C76DB5 /* GestureDemo.app */ = {isa = PBXFileReference; explicitFileType = wrapper.application; includeInIndex = 0; path = GestureDemo.app; sourceTree = BUILT_PRODUCTS_DIR; };
		2BF2996C1DD503F600C76DB5 /* main.m */ = {isa = PBXFileReference; lastKnownFileType = sourcecode.c.objc; path = main.m; sourceTree = "<group>"; };
		2BF2996E1DD503F600C76DB5 /* AppDelegate.h */ = {isa = PBXFileReference; lastKnownFileType = sourcecode.c.h; path = AppDelegate.h; sourceTree = "<group>"; };
		2BF2996F1DD503F600C76DB5 /* AppDelegate.m */ = {isa = PBXFileReference; lastKnownFileType = sourcecode.c.objc; path = AppDelegate.m; sourceTree = "<group>"; };
		2BF299711DD503F600C76DB5 /* ViewController.h */ = {isa = PBXFileReference; lastKnownFileType = sourcecode.c.h; path = ViewController.h; sourceTree = "<group>"; };
		2BF299721DD503F600C76DB5 /* ViewController.m */ = {isa = PBXFileReference; lastKnownFileType = sourcecode.c.objc; path = ViewController.m; sourceTree = "<group>"; };
		2BF299751DD503F600C76DB5 /* Base */ = {isa = PBXFileReference; lastKnownFileType = file.storyboard; name = Base; path = Base.lproj/Main.storyboard; sourceTree = "<group>"; };
		2BF299771DD503F600C76DB5 /* Assets.xcassets */ = {isa = PBXFileReference; lastKnownFileType = folder.assetcatalog; path = Assets.xcassets; sourceTree = "<group>"; };
		2BF2997A1DD503F600C76DB5 /* Base */ = {isa = PBXFileReference; lastKnownFileType = file.storyboard; name = Base; path = Base.lproj/LaunchScreen.storyboard; sourceTree = "<group>"; };
		2BF2997C1DD503F600C76DB5 /* Info.plist */ = {isa = PBXFileReference; lastKnownFileType = text.plist.xml; path = Info.plist; sourceTree = "<group>"; };
		2BF299811DD503F600C76DB5 /* GestureDemoTests.xctest */ = {isa = PBXFileReference; explicitFileType = wrapper.cfbundle; includeInIndex = 0; path = GestureDemoTests.xctest; sourceTree = BUILT_PRODUCTS_DIR; };
		2BF299851DD503F600C76DB5 /* GestureDemoTests.m */ = {isa = PBXFileReference; lastKnownFileType = sourcecode.c.objc; path = GestureDemoTests.m; sourceTree = "<group>"; };
		2BF299871DD503F600C76DB5 /* Info.plist */ = {isa = PBXFileReference; lastKnownFileType = text.plist.xml; path = Info.plist; sourceTree = "<group>"; };
		2BF2998C1DD503F600C76DB5 /* GestureDemoUITests.xctest */ = {isa = PBXFileReference; explicitFileType = wrapper.cfbundle; includeInIndex = 0; path = GestureDemoUITests.xctest; sourceTree = BUILT_PRODUCTS_DIR; };
		2BF299901DD503F600C76DB5 /* GestureDemoUITests.m */ = {isa = PBXFileReference; lastKnownFileType = sourcecode.c.objc; path = GestureDemoUITests.m; sourceTree = "<group>"; };
		2BF299921DD503F600C76DB5 /* Info.plist */ = {isa = PBXFileReference; lastKnownFileType = text.plist.xml; path = Info.plist; sourceTree = "<group>"; };
/* End PBXFileReference section */

/* Begin PBXFrameworksBuildPhase section */
		2BF299651DD503F600C76DB5 /* Frameworks */ = {
			isa = PBXFrameworksBuildPhase;
			buildActionMask = 2147483647;
			files = (
			);
			runOnlyForDeploymentPostprocessing = 0;
		};
		2BF2997E1DD503F600C76DB5 /* Frameworks */ = {
			isa = PBXFrameworksBuildPhase;
			buildActionMask = 2147483647;
			files = (
			);
			runOnlyForDeploymentPostprocessing = 0;
		};
		2BF299891DD503F600C76DB5 /* Frameworks */ = {
			isa = PBXFrameworksBuildPhase;
			buildActionMask = 2147483647;
			files = (
			);
			runOnlyForDeploymentPostprocessing = 0;
		};
/* End PBXFrameworksBuildPhase section */

/* Begin PBXGroup section */
		2BF2995F1DD503F600C76DB5 = {
			isa = PBXGroup;
			children = (
				2BF2996A1DD503F600C76DB5 /* GestureDemo */,
				2BF299841DD503F600C76DB5 /* GestureDemoTests */,
				2BF2998F1DD503F600C76DB5 /* GestureDemoUITests */,
				2BF299691DD503F600C76DB5 /* Products */,
			);
			sourceTree = "<group>";
		};
		2BF299691DD503F600C76DB5 /* Products */ = {
			isa = PBXGroup;
			children = (
				2BF299681DD503F600C76DB5 /* GestureDemo.app */,
				2BF299811DD503F600C76DB5 /* GestureDemoTests.xctest */,
				2BF2998C1DD503F600C76DB5 /* GestureDemoUITests.xctest */,
			);
			name = Products;
			sourceTree = "<group>";
		};
		2BF2996A1DD503F600C76DB5 /* GestureDemo */ = {
			isa = PBXGroup;
			children = (
				2BF2996E1DD503F600C76DB5 /* AppDelegate.h */,
				2BF2996F1DD503F600C76DB5 /* AppDelegate.m */,
				2BF299711DD503F600C76DB5 /* ViewController.h */,
				2BF299721DD503F600C76DB5 /* ViewController.m */,
				2BF299741DD503F600C76DB5 /* Main.storyboard */,
				2BF299771DD503F600C76DB5 /* Assets.xcassets */,
				2BF299791DD503F600C76DB5 /* LaunchScreen.storyboard */,
				2BF2997C1DD503F600C76DB5 /* Info.plist */,
				2BF2996B1DD503F600C76DB5 /* Supporting Files */,
			);
			path = GestureDemo;
			sourceTree = "<group>";
		};
		2BF2996B1DD503F600C76DB5 /* Supporting Files */ = {
			isa = PBXGroup;
			children = (
				2BF2996C1DD503F600C76DB5 /* main.m */,
			);
			name = "Supporting Files";
			sourceTree = "<group>";
		};
		2BF299841DD503F600C76DB5 /* GestureDemoTests */ = {
			isa = PBXGroup;
			children = (
				2BF299851DD503F600C76DB5 /* GestureDemoTests.m */,
				2BF299871DD503F600C76DB5 /* Info.plist */,
			);
			path = GestureDemoTests;
			sourceTree = "<group>";
		};
		2BF2998F1DD503F600C76DB5 /* GestureDemoUITests */ = {
			isa = PBXGroup;
			children = (
				2BF299901DD503F600C76DB5 /* GestureDemoUITests.m */,
				2BF299921DD503F600C76DB5 /* Info.plist */,
			);
			path = GestureDemoUITests;
			sourceTree = "<group>";
		};
/* End PBXGroup section */

/* Begin PBXNativeTarget section */
		2BF299671DD503F600C76DB5 /* GestureDemo */ = {
			isa = PBXNativeTarget;
			buildConfigurationList = 2BF299951DD503F600C76DB5 /* Build configuration list for PBXNativeTarget "GestureDemo" */;
			buildPhases = (
				2BF299641DD503F600C76DB5 /* Sources */,
				2BF299651DD503F600C76DB5 /* Frameworks */,
				2BF299661DD503F600C76DB5 /* Resources */,
			);
			buildRules = (
			);
			dependencies = (
			);
			name = GestureDemo;
			productName = GestureDemo;
			productReference = 2BF299681DD503F600C76DB5 /* GestureDemo.app */;
			productType = "com.apple.product-type.application";
		};
		2BF299801DD503F600C76DB5 /* GestureDemoTests */ = {
			isa = PBXNativeTarget;
			buildConfigurationList = 2BF299981DD503F600C76DB5 /* Build configuration list for PBXNativeTarget "GestureDemoTests" */;
			buildPhases = (
				2BF2997D1DD503F600C76DB5 /* Sources */,
				2BF2997E1DD503F600C76DB5 /* Frameworks */,
				2BF2997F1DD503F600C76DB5 /* Resources */,
			);
			buildRules = (
			);
			dependencies = (
				2BF299831DD503F600C76DB5 /* PBXTargetDependency */,
			);
			name = GestureDemoTests;
			productName = GestureDemoTests;
			productReference = 2BF299811DD503F600C76DB5 /* GestureDemoTests.xctest */;
			productType = "com.apple.product-type.bundle.unit-test";
		};
		2BF2998B1DD503F600C76DB5 /* GestureDemoUITests */ = {
			isa = PBXNativeTarget;
			buildConfigurationList = 2BF2999B1DD503F600C76DB5 /* Build configuration list for PBXNativeTarget "GestureDemoUITests" */;
			buildPhases = (
				2BF299881DD503F600C76DB5 /* Sources */,
				2BF299891DD503F600C76DB5 /* Frameworks */,
				2BF2998A1DD503F600C76DB5 /* Resources */,
			);
			buildRules = (
			);
			dependencies = (
				2BF2998E1DD503F600C76DB5 /* PBXTargetDependency */,
			);
			name = GestureDemoUITests;
			productName = GestureDemoUITests;
			productReference = 2BF2998C1DD503F600C76DB5 /* GestureDemoUITests.xctest */;
			productType = "com.apple.product-type.bundle.ui-testing";
		};
/* End PBXNativeTarget section */

/* Begin PBXProject section */
		2BF299601DD503F600C76DB5 /* Project object */ = {
			isa = PBXProject;
			attributes = {
				LastUpgradeCheck = 0810;
				ORGANIZATIONNAME = "Victor Hong";
				TargetAttributes = {
					2BF299671DD503F600C76DB5 = {
						CreatedOnToolsVersion = 8.1;
						ProvisioningStyle = Automatic;
					};
					2BF299801DD503F600C76DB5 = {
						CreatedOnToolsVersion = 8.1;
						ProvisioningStyle = Automatic;
						TestTargetID = 2BF299671DD503F600C76DB5;
					};
					2BF2998B1DD503F600C76DB5 = {
						CreatedOnToolsVersion = 8.1;
						ProvisioningStyle = Automatic;
						TestTargetID = 2BF299671DD503F600C76DB5;
					};
				};
			};
			buildConfigurationList = 2BF299631DD503F600C76DB5 /* Build configuration list for PBXProject "GestureDemo" */;
			compatibilityVersion = "Xcode 3.2";
			developmentRegion = English;
			hasScannedForEncodings = 0;
			knownRegions = (
				en,
				Base,
			);
			mainGroup = 2BF2995F1DD503F600C76DB5;
			productRefGroup = 2BF299691DD503F600C76DB5 /* Products */;
			projectDirPath = "";
			projectRoot = "";
			targets = (
				2BF299671DD503F600C76DB5 /* GestureDemo */,
				2BF299801DD503F600C76DB5 /* GestureDemoTests */,
				2BF2998B1DD503F600C76DB5 /* GestureDemoUITests */,
			);
		};
/* End PBXProject section */

/* Begin PBXResourcesBuildPhase section */
		2BF299661DD503F600C76DB5 /* Resources */ = {
			isa = PBXResourcesBuildPhase;
			buildActionMask = 2147483647;
			files = (
				2BF2997B1DD503F600C76DB5 /* LaunchScreen.storyboard in Resources */,
				2BF299781DD503F600C76DB5 /* Assets.xcassets in Resources */,
				2BF299761DD503F600C76DB5 /* Main.storyboard in Resources */,
			);
			runOnlyForDeploymentPostprocessing = 0;
		};
		2BF2997F1DD503F600C76DB5 /* Resources */ = {
			isa = PBXResourcesBuildPhase;
			buildActionMask = 2147483647;
			files = (
			);
			runOnlyForDeploymentPostprocessing = 0;
		};
		2BF2998A1DD503F600C76DB5 /* Resources */ = {
			isa = PBXResourcesBuildPhase;
			buildActionMask = 2147483647;
			files = (
			);
			runOnlyForDeploymentPostprocessing = 0;
		};
/* End PBXResourcesBuildPhase section */

/* Begin PBXSourcesBuildPhase section */
		2BF299641DD503F600C76DB5 /* Sources */ = {
			isa = PBXSourcesBuildPhase;
			buildActionMask = 2147483647;
			files = (
				2BF299731DD503F600C76DB5 /* ViewController.m in Sources */,
				2BF299701DD503F600C76DB5 /* AppDelegate.m in Sources */,
				2BF2996D1DD503F600C76DB5 /* main.m in Sources */,
			);
			runOnlyForDeploymentPostprocessing = 0;
		};
		2BF2997D1DD503F600C76DB5 /* Sources */ = {
			isa = PBXSourcesBuildPhase;
			buildActionMask = 2147483647;
			files = (
				2BF299861DD503F600C76DB5 /* GestureDemoTests.m in Sources */,
			);
			runOnlyForDeploymentPostprocessing = 0;
		};
		2BF299881DD503F600C76DB5 /* Sources */ = {
			isa = PBXSourcesBuildPhase;
			buildActionMask = 2147483647;
			files = (
				2BF299911DD503F600C76DB5 /* GestureDemoUITests.m in Sources */,
			);
			runOnlyForDeploymentPostprocessing = 0;
		};
/* End PBXSourcesBuildPhase section */

/* Begin PBXTargetDependency section */
		2BF299831DD503F600C76DB5 /* PBXTargetDependency */ = {
			isa = PBXTargetDependency;
			target = 2BF299671DD503F600C76DB5 /* GestureDemo */;
			targetProxy = 2BF299821DD503F600C76DB5 /* PBXContainerItemProxy */;
		};
		2BF2998E1DD503F600C76DB5 /* PBXTargetDependency */ = {
			isa = PBXTargetDependency;
			target = 2BF299671DD503F600C76DB5 /* GestureDemo */;
			targetProxy = 2BF2998D1DD503F600C76DB5 /* PBXContainerItemProxy */;
		};
/* End PBXTargetDependency section */

/* Begin PBXVariantGroup section */
		2BF299741DD503F600C76DB5 /* Main.storyboard */ = {
			isa = PBXVariantGroup;
			children = (
				2BF299751DD503F600C76DB5 /* Base */,
			);
			name = Main.storyboard;
			sourceTree = "<group>";
		};
		2BF299791DD503F600C76DB5 /* LaunchScreen.storyboard */ = {
			isa = PBXVariantGroup;
			children = (
				2BF2997A1DD503F600C76DB5 /* Base */,
			);
			name = LaunchScreen.storyboard;
			sourceTree = "<group>";
		};
/* End PBXVariantGroup section */

/* Begin XCBuildConfiguration section */
		2BF299931DD503F600C76DB5 /* Debug */ = {
			isa = XCBuildConfiguration;
			buildSettings = {
				ALWAYS_SEARCH_USER_PATHS = NO;
				CLANG_ANALYZER_NONNULL = YES;
				CLANG_CXX_LANGUAGE_STANDARD = "gnu++0x";
				CLANG_CXX_LIBRARY = "libc++";
				CLANG_ENABLE_MODULES = YES;
				CLANG_ENABLE_OBJC_ARC = YES;
				CLANG_WARN_BOOL_CONVERSION = YES;
				CLANG_WARN_CONSTANT_CONVERSION = YES;
				CLANG_WARN_DIRECT_OBJC_ISA_USAGE = YES_ERROR;
				CLANG_WARN_DOCUMENTATION_COMMENTS = YES;
				CLANG_WARN_EMPTY_BODY = YES;
				CLANG_WARN_ENUM_CONVERSION = YES;
				CLANG_WARN_INFINITE_RECURSION = YES;
				CLANG_WARN_INT_CONVERSION = YES;
				CLANG_WARN_OBJC_ROOT_CLASS = YES_ERROR;
				CLANG_WARN_SUSPICIOUS_MOVES = YES;
				CLANG_WARN_UNREACHABLE_CODE = YES;
				CLANG_WARN__DUPLICATE_METHOD_MATCH = YES;
				"CODE_SIGN_IDENTITY[sdk=iphoneos*]" = "iPhone Developer";
				COPY_PHASE_STRIP = NO;
				DEBUG_INFORMATION_FORMAT = dwarf;
				ENABLE_STRICT_OBJC_MSGSEND = YES;
				ENABLE_TESTABILITY = YES;
				GCC_C_LANGUAGE_STANDARD = gnu99;
				GCC_DYNAMIC_NO_PIC = NO;
				GCC_NO_COMMON_BLOCKS = YES;
				GCC_OPTIMIZATION_LEVEL = 0;
				GCC_PREPROCESSOR_DEFINITIONS = (
					"DEBUG=1",
					"$(inherited)",
				);
				GCC_WARN_64_TO_32_BIT_CONVERSION = YES;
				GCC_WARN_ABOUT_RETURN_TYPE = YES_ERROR;
				GCC_WARN_UNDECLARED_SELECTOR = YES;
				GCC_WARN_UNINITIALIZED_AUTOS = YES_AGGRESSIVE;
				GCC_WARN_UNUSED_FUNCTION = YES;
				GCC_WARN_UNUSED_VARIABLE = YES;
				IPHONEOS_DEPLOYMENT_TARGET = 10.1;
				MTL_ENABLE_DEBUG_INFO = YES;
				ONLY_ACTIVE_ARCH = YES;
				SDKROOT = iphoneos;
				TARGETED_DEVICE_FAMILY = "1,2";
			};
			name = Debug;
		};
		2BF299941DD503F600C76DB5 /* Release */ = {
			isa = XCBuildConfiguration;
			buildSettings = {
				ALWAYS_SEARCH_USER_PATHS = NO;
				CLANG_ANALYZER_NONNULL = YES;
				CLANG_CXX_LANGUAGE_STANDARD = "gnu++0x";
				CLANG_CXX_LIBRARY = "libc++";
				CLANG_ENABLE_MODULES = YES;
				CLANG_ENABLE_OBJC_ARC = YES;
				CLANG_WARN_BOOL_CONVERSION = YES;
				CLANG_WARN_CONSTANT_CONVERSION = YES;
				CLANG_WARN_DIRECT_OBJC_ISA_USAGE = YES_ERROR;
				CLANG_WARN_DOCUMENTATION_COMMENTS = YES;
				CLANG_WARN_EMPTY_BODY = YES;
				CLANG_WARN_ENUM_CONVERSION = YES;
				CLANG_WARN_INFINITE_RECURSION = YES;
				CLANG_WARN_INT_CONVERSION = YES;
				CLANG_WARN_OBJC_ROOT_CLASS = YES_ERROR;
				CLANG_WARN_SUSPICIOUS_MOVES = YES;
				CLANG_WARN_UNREACHABLE_CODE = YES;
				CLANG_WARN__DUPLICATE_METHOD_MATCH = YES;
				"CODE_SIGN_IDENTITY[sdk=iphoneos*]" = "iPhone Developer";
				COPY_PHASE_STRIP = NO;
				DEBUG_INFORMATION_FORMAT = "dwarf-with-dsym";
				ENABLE_NS_ASSERTIONS = NO;
				ENABLE_STRICT_OBJC_MSGSEND = YES;
				GCC_C_LANGUAGE_STANDARD = gnu99;
				GCC_NO_COMMON_BLOCKS = YES;
				GCC_WARN_64_TO_32_BIT_CONVERSION = YES;
				GCC_WARN_ABOUT_RETURN_TYPE = YES_ERROR;
				GCC_WARN_UNDECLARED_SELECTOR = YES;
				GCC_WARN_UNINITIALIZED_AUTOS = YES_AGGRESSIVE;
				GCC_WARN_UNUSED_FUNCTION = YES;
				GCC_WARN_UNUSED_VARIABLE = YES;
				IPHONEOS_DEPLOYMENT_TARGET = 10.1;
				MTL_ENABLE_DEBUG_INFO = NO;
				SDKROOT = iphoneos;
				TARGETED_DEVICE_FAMILY = "1,2";
				VALIDATE_PRODUCT = YES;
			};
			name = Release;
		};
		2BF299961DD503F600C76DB5 /* Debug */ = {
			isa = XCBuildConfiguration;
			buildSettings = {
				ASSETCATALOG_COMPILER_APPICON_NAME = AppIcon;
				INFOPLIST_FILE = GestureDemo/Info.plist;
				LD_RUNPATH_SEARCH_PATHS = "$(inherited) @executable_path/Frameworks";
				PRODUCT_BUNDLE_IDENTIFIER = com.victorhong.GestureDemo;
				PRODUCT_NAME = "$(TARGET_NAME)";
			};
			name = Debug;
		};
		2BF299971DD503F600C76DB5 /* Release */ = {
			isa = XCBuildConfiguration;
			buildSettings = {
				ASSETCATALOG_COMPILER_APPICON_NAME = AppIcon;
				INFOPLIST_FILE = GestureDemo/Info.plist;
				LD_RUNPATH_SEARCH_PATHS = "$(inherited) @executable_path/Frameworks";
				PRODUCT_BUNDLE_IDENTIFIER = com.victorhong.GestureDemo;
				PRODUCT_NAME = "$(TARGET_NAME)";
			};
			name = Release;
		};
		2BF299991DD503F600C76DB5 /* Debug */ = {
			isa = XCBuildConfiguration;
			buildSettings = {
				BUNDLE_LOADER = "$(TEST_HOST)";
				INFOPLIST_FILE = GestureDemoTests/Info.plist;
				LD_RUNPATH_SEARCH_PATHS = "$(inherited) @executable_path/Frameworks @loader_path/Frameworks";
				PRODUCT_BUNDLE_IDENTIFIER = com.victorhong.GestureDemoTests;
				PRODUCT_NAME = "$(TARGET_NAME)";
				TEST_HOST = "$(BUILT_PRODUCTS_DIR)/GestureDemo.app/GestureDemo";
			};
			name = Debug;
		};
		2BF2999A1DD503F600C76DB5 /* Release */ = {
			isa = XCBuildConfiguration;
			buildSettings = {
				BUNDLE_LOADER = "$(TEST_HOST)";
				INFOPLIST_FILE = GestureDemoTests/Info.plist;
				LD_RUNPATH_SEARCH_PATHS = "$(inherited) @executable_path/Frameworks @loader_path/Frameworks";
				PRODUCT_BUNDLE_IDENTIFIER = com.victorhong.GestureDemoTests;
				PRODUCT_NAME = "$(TARGET_NAME)";
				TEST_HOST = "$(BUILT_PRODUCTS_DIR)/GestureDemo.app/GestureDemo";
			};
			name = Release;
		};
		2BF2999C1DD503F600C76DB5 /* Debug */ = {
			isa = XCBuildConfiguration;
			buildSettings = {
				INFOPLIST_FILE = GestureDemoUITests/Info.plist;
				LD_RUNPATH_SEARCH_PATHS = "$(inherited) @executable_path/Frameworks @loader_path/Frameworks";
				PRODUCT_BUNDLE_IDENTIFIER = com.victorhong.GestureDemoUITests;
				PRODUCT_NAME = "$(TARGET_NAME)";
				TEST_TARGET_NAME = GestureDemo;
			};
			name = Debug;
		};
		2BF2999D1DD503F600C76DB5 /* Release */ = {
			isa = XCBuildConfiguration;
			buildSettings = {
				INFOPLIST_FILE = GestureDemoUITests/Info.plist;
				LD_RUNPATH_SEARCH_PATHS = "$(inherited) @executable_path/Frameworks @loader_path/Frameworks";
				PRODUCT_BUNDLE_IDENTIFIER = com.victorhong.GestureDemoUITests;
				PRODUCT_NAME = "$(TARGET_NAME)";
				TEST_TARGET_NAME = GestureDemo;
			};
			name = Release;
		};
/* End XCBuildConfiguration section */

/* Begin XCConfigurationList section */
		2BF299631DD503F600C76DB5 /* Build configuration list for PBXProject "GestureDemo" */ = {
			isa = XCConfigurationList;
			buildConfigurations = (
				2BF299931DD503F600C76DB5 /* Debug */,
				2BF299941DD503F600C76DB5 /* Release */,
			);
			defaultConfigurationIsVisible = 0;
			defaultConfigurationName = Release;
		};
		2BF299951DD503F600C76DB5 /* Build configuration list for PBXNativeTarget "GestureDemo" */ = {
			isa = XCConfigurationList;
			buildConfigurations = (
				2BF299961DD503F600C76DB5 /* Debug */,
				2BF299971DD503F600C76DB5 /* Release */,
			);
			defaultConfigurationIsVisible = 0;
		};
		2BF299981DD503F600C76DB5 /* Build configuration list for PBXNativeTarget "GestureDemoTests" */ = {
			isa = XCConfigurationList;
			buildConfigurations = (
				2BF299991DD503F600C76DB5 /* Debug */,
				2BF2999A1DD503F600C76DB5 /* Release */,
			);
			defaultConfigurationIsVisible = 0;
		};
		2BF2999B1DD503F600C76DB5 /* Build configuration list for PBXNativeTarget "GestureDemoUITests" */ = {
			isa = XCConfigurationList;
			buildConfigurations = (
				2BF2999C1DD503F600C76DB5 /* Debug */,
				2BF2999D1DD503F600C76DB5 /* Release */,
			);
			defaultConfigurationIsVisible = 0;
		};
/* End XCConfigurationList section */
	};
	rootObject = 2BF299601DD503F600C76DB5 /* Project object */;
}
